// !$*UTF8*$!
{
	archiveVersion = 1;
	classes = {
	};
	objectVersion = 46;
	objects = {

/* Begin PBXBuildFile section */
		779C7697197FAF1200F43977 /* AddLessonViewController.m in Sources */ = {isa = PBXBuildFile; fileRef = 779C7696197FAF1200F43977 /* AddLessonViewController.m */; };
		77A495CE195AD36F00D7EDD1 /* Foundation.framework in Frameworks */ = {isa = PBXBuildFile; fileRef = 77A495CD195AD36F00D7EDD1 /* Foundation.framework */; };
		77A495D0195AD36F00D7EDD1 /* CoreGraphics.framework in Frameworks */ = {isa = PBXBuildFile; fileRef = 77A495CF195AD36F00D7EDD1 /* CoreGraphics.framework */; };
		77A495D2195AD36F00D7EDD1 /* UIKit.framework in Frameworks */ = {isa = PBXBuildFile; fileRef = 77A495D1195AD36F00D7EDD1 /* UIKit.framework */; };
		77A495D8195AD36F00D7EDD1 /* InfoPlist.strings in Resources */ = {isa = PBXBuildFile; fileRef = 77A495D6195AD36F00D7EDD1 /* InfoPlist.strings */; };
		77A495DA195AD36F00D7EDD1 /* main.m in Sources */ = {isa = PBXBuildFile; fileRef = 77A495D9195AD36F00D7EDD1 /* main.m */; };
		77A495DE195AD36F00D7EDD1 /* AppDelegate.m in Sources */ = {isa = PBXBuildFile; fileRef = 77A495DD195AD36F00D7EDD1 /* AppDelegate.m */; };
		77A495E1195AD36F00D7EDD1 /* Main.storyboard in Resources */ = {isa = PBXBuildFile; fileRef = 77A495DF195AD36F00D7EDD1 /* Main.storyboard */; };
		77A495E6195AD36F00D7EDD1 /* Images.xcassets in Resources */ = {isa = PBXBuildFile; fileRef = 77A495E5195AD36F00D7EDD1 /* Images.xcassets */; };
		77A495ED195AD36F00D7EDD1 /* XCTest.framework in Frameworks */ = {isa = PBXBuildFile; fileRef = 77A495EC195AD36F00D7EDD1 /* XCTest.framework */; };
		77A495EE195AD36F00D7EDD1 /* Foundation.framework in Frameworks */ = {isa = PBXBuildFile; fileRef = 77A495CD195AD36F00D7EDD1 /* Foundation.framework */; };
		77A495EF195AD36F00D7EDD1 /* UIKit.framework in Frameworks */ = {isa = PBXBuildFile; fileRef = 77A495D1195AD36F00D7EDD1 /* UIKit.framework */; };
		77A495F7195AD36F00D7EDD1 /* InfoPlist.strings in Resources */ = {isa = PBXBuildFile; fileRef = 77A495F5195AD36F00D7EDD1 /* InfoPlist.strings */; };
		77A495F9195AD36F00D7EDD1 /* MobileStudentTests.m in Sources */ = {isa = PBXBuildFile; fileRef = 77A495F8195AD36F00D7EDD1 /* MobileStudentTests.m */; };
		77A49603195AD78A00D7EDD1 /* Копия New-iOS-7-Style-Tab-Bar-Icons.jpg in Resources */ = {isa = PBXBuildFile; fileRef = 77A49602195AD78A00D7EDD1 /* Копия New-iOS-7-Style-Tab-Bar-Icons.jpg */; };
		77A4960C195ADEBB00D7EDD1 /* BordController.m in Sources */ = {isa = PBXBuildFile; fileRef = 77A4960B195ADEBB00D7EDD1 /* BordController.m */; };
		77A49614195AEEC600D7EDD1 /* XML.xml in Resources */ = {isa = PBXBuildFile; fileRef = 77A49613195AEEC600D7EDD1 /* XML.xml */; };
		77B0EEA9197FD0CF00A5F0F8 /* BordCell.m in Sources */ = {isa = PBXBuildFile; fileRef = 77B0EEA8197FD0CF00A5F0F8 /* BordCell.m */; };
		77B0EEAC197FE45B00A5F0F8 /* Bord.m in Sources */ = {isa = PBXBuildFile; fileRef = 77B0EEAB197FE45B00A5F0F8 /* Bord.m */; };
/* End PBXBuildFile section */

/* Begin PBXContainerItemProxy section */
		77A495F0195AD36F00D7EDD1 /* PBXContainerItemProxy */ = {
			isa = PBXContainerItemProxy;
			containerPortal = 77A495C2195AD36F00D7EDD1 /* Project object */;
			proxyType = 1;
			remoteGlobalIDString = 77A495C9195AD36F00D7EDD1;
			remoteInfo = MobileStudent;
		};
/* End PBXContainerItemProxy section */

/* Begin PBXFileReference section */
		779C7695197FAF1200F43977 /* AddLessonViewController.h */ = {isa = PBXFileReference; fileEncoding = 4; lastKnownFileType = sourcecode.c.h; name = AddLessonViewController.h; path = MobileStudent/AddLessonViewController.h; sourceTree = "<group>"; };
		779C7696197FAF1200F43977 /* AddLessonViewController.m */ = {isa = PBXFileReference; fileEncoding = 4; lastKnownFileType = sourcecode.c.objc; name = AddLessonViewController.m; path = MobileStudent/AddLessonViewController.m; sourceTree = "<group>"; };
		77A495CA195AD36F00D7EDD1 /* MobileStudent.app */ = {isa = PBXFileReference; explicitFileType = wrapper.application; includeInIndex = 0; path = MobileStudent.app; sourceTree = BUILT_PRODUCTS_DIR; };
		77A495CD195AD36F00D7EDD1 /* Foundation.framework */ = {isa = PBXFileReference; lastKnownFileType = wrapper.framework; name = Foundation.framework; path = System/Library/Frameworks/Foundation.framework; sourceTree = SDKROOT; };
		77A495CF195AD36F00D7EDD1 /* CoreGraphics.framework */ = {isa = PBXFileReference; lastKnownFileType = wrapper.framework; name = CoreGraphics.framework; path = System/Library/Frameworks/CoreGraphics.framework; sourceTree = SDKROOT; };
		77A495D1195AD36F00D7EDD1 /* UIKit.framework */ = {isa = PBXFileReference; lastKnownFileType = wrapper.framework; name = UIKit.framework; path = System/Library/Frameworks/UIKit.framework; sourceTree = SDKROOT; };
		77A495D5195AD36F00D7EDD1 /* MobileStudent-Info.plist */ = {isa = PBXFileReference; lastKnownFileType = text.plist.xml; path = "MobileStudent-Info.plist"; sourceTree = "<group>"; };
		77A495D7195AD36F00D7EDD1 /* en */ = {isa = PBXFileReference; lastKnownFileType = text.plist.strings; name = en; path = en.lproj/InfoPlist.strings; sourceTree = "<group>"; };
		77A495D9195AD36F00D7EDD1 /* main.m */ = {isa = PBXFileReference; lastKnownFileType = sourcecode.c.objc; path = main.m; sourceTree = "<group>"; };
		77A495DB195AD36F00D7EDD1 /* MobileStudent-Prefix.pch */ = {isa = PBXFileReference; lastKnownFileType = sourcecode.c.h; path = "MobileStudent-Prefix.pch"; sourceTree = "<group>"; };
		77A495DC195AD36F00D7EDD1 /* AppDelegate.h */ = {isa = PBXFileReference; lastKnownFileType = sourcecode.c.h; path = AppDelegate.h; sourceTree = "<group>"; };
		77A495DD195AD36F00D7EDD1 /* AppDelegate.m */ = {isa = PBXFileReference; lastKnownFileType = sourcecode.c.objc; path = AppDelegate.m; sourceTree = "<group>"; };
		77A495E0195AD36F00D7EDD1 /* Base */ = {isa = PBXFileReference; lastKnownFileType = file.storyboard; name = Base; path = Base.lproj/Main.storyboard; sourceTree = "<group>"; };
		77A495E5195AD36F00D7EDD1 /* Images.xcassets */ = {isa = PBXFileReference; lastKnownFileType = folder.assetcatalog; path = Images.xcassets; sourceTree = "<group>"; };
		77A495EB195AD36F00D7EDD1 /* MobileStudentTests.xctest */ = {isa = PBXFileReference; explicitFileType = wrapper.cfbundle; includeInIndex = 0; path = MobileStudentTests.xctest; sourceTree = BUILT_PRODUCTS_DIR; };
		77A495EC195AD36F00D7EDD1 /* XCTest.framework */ = {isa = PBXFileReference; lastKnownFileType = wrapper.framework; name = XCTest.framework; path = Library/Frameworks/XCTest.framework; sourceTree = DEVELOPER_DIR; };
		77A495F4195AD36F00D7EDD1 /* MobileStudentTests-Info.plist */ = {isa = PBXFileReference; lastKnownFileType = text.plist.xml; path = "MobileStudentTests-Info.plist"; sourceTree = "<group>"; };
		77A495F6195AD36F00D7EDD1 /* en */ = {isa = PBXFileReference; lastKnownFileType = text.plist.strings; name = en; path = en.lproj/InfoPlist.strings; sourceTree = "<group>"; };
		77A495F8195AD36F00D7EDD1 /* MobileStudentTests.m */ = {isa = PBXFileReference; lastKnownFileType = sourcecode.c.objc; path = MobileStudentTests.m; sourceTree = "<group>"; };
		77A49602195AD78A00D7EDD1 /* Копия New-iOS-7-Style-Tab-Bar-Icons.jpg */ = {isa = PBXFileReference; lastKnownFileType = image.jpeg; path = "Копия New-iOS-7-Style-Tab-Bar-Icons.jpg"; sourceTree = "<group>"; };
		77A4960A195ADEBB00D7EDD1 /* BordController.h */ = {isa = PBXFileReference; fileEncoding = 4; lastKnownFileType = sourcecode.c.h; path = BordController.h; sourceTree = "<group>"; };
		77A4960B195ADEBB00D7EDD1 /* BordController.m */ = {isa = PBXFileReference; fileEncoding = 4; lastKnownFileType = sourcecode.c.objc; path = BordController.m; sourceTree = "<group>"; };
		77A49613195AEEC600D7EDD1 /* XML.xml */ = {isa = PBXFileReference; fileEncoding = 4; lastKnownFileType = text.xml; path = XML.xml; sourceTree = "<group>"; };
		77B0EEA7197FD0CF00A5F0F8 /* BordCell.h */ = {isa = PBXFileReference; fileEncoding = 4; lastKnownFileType = sourcecode.c.h; path = BordCell.h; sourceTree = "<group>"; };
		77B0EEA8197FD0CF00A5F0F8 /* BordCell.m */ = {isa = PBXFileReference; fileEncoding = 4; lastKnownFileType = sourcecode.c.objc; path = BordCell.m; sourceTree = "<group>"; };
		77B0EEAA197FE45B00A5F0F8 /* Bord.h */ = {isa = PBXFileReference; fileEncoding = 4; lastKnownFileType = sourcecode.c.h; path = Bord.h; sourceTree = "<group>"; };
		77B0EEAB197FE45B00A5F0F8 /* Bord.m */ = {isa = PBXFileReference; fileEncoding = 4; lastKnownFileType = sourcecode.c.objc; path = Bord.m; sourceTree = "<group>"; };
/* End PBXFileReference section */

/* Begin PBXFrameworksBuildPhase section */
		77A495C7195AD36F00D7EDD1 /* Frameworks */ = {
			isa = PBXFrameworksBuildPhase;
			buildActionMask = 2147483647;
			files = (
				77A495D0195AD36F00D7EDD1 /* CoreGraphics.framework in Frameworks */,
				77A495D2195AD36F00D7EDD1 /* UIKit.framework in Frameworks */,
				77A495CE195AD36F00D7EDD1 /* Foundation.framework in Frameworks */,
			);
			runOnlyForDeploymentPostprocessing = 0;
		};
		77A495E8195AD36F00D7EDD1 /* Frameworks */ = {
			isa = PBXFrameworksBuildPhase;
			buildActionMask = 2147483647;
			files = (
				77A495ED195AD36F00D7EDD1 /* XCTest.framework in Frameworks */,
				77A495EF195AD36F00D7EDD1 /* UIKit.framework in Frameworks */,
				77A495EE195AD36F00D7EDD1 /* Foundation.framework in Frameworks */,
			);
			runOnlyForDeploymentPostprocessing = 0;
		};
/* End PBXFrameworksBuildPhase section */

/* Begin PBXGroup section */
		77A495C1195AD36F00D7EDD1 = {
			isa = PBXGroup;
			children = (
				77A495D3195AD36F00D7EDD1 /* MobileStudent */,
				77A495F2195AD36F00D7EDD1 /* MobileStudentTests */,
				77A495CC195AD36F00D7EDD1 /* Frameworks */,
				77A495CB195AD36F00D7EDD1 /* Products */,
			);
			sourceTree = "<group>";
		};
		77A495CB195AD36F00D7EDD1 /* Products */ = {
			isa = PBXGroup;
			children = (
				77A495CA195AD36F00D7EDD1 /* MobileStudent.app */,
				77A495EB195AD36F00D7EDD1 /* MobileStudentTests.xctest */,
			);
			name = Products;
			sourceTree = "<group>";
		};
		77A495CC195AD36F00D7EDD1 /* Frameworks */ = {
			isa = PBXGroup;
			children = (
				77A495CD195AD36F00D7EDD1 /* Foundation.framework */,
				77A495CF195AD36F00D7EDD1 /* CoreGraphics.framework */,
				77A495D1195AD36F00D7EDD1 /* UIKit.framework */,
				77A495EC195AD36F00D7EDD1 /* XCTest.framework */,
			);
			name = Frameworks;
			sourceTree = "<group>";
		};
		77A495D3195AD36F00D7EDD1 /* MobileStudent */ = {
			isa = PBXGroup;
			children = (
				77A495DC195AD36F00D7EDD1 /* AppDelegate.h */,
				77A495DD195AD36F00D7EDD1 /* AppDelegate.m */,
				77A495DF195AD36F00D7EDD1 /* Main.storyboard */,
				77B0EEA3197FCE9F00A5F0F8 /* Bord */,
				77A495E5195AD36F00D7EDD1 /* Images.xcassets */,
				77A495D4195AD36F00D7EDD1 /* Supporting Files */,
			);
			path = MobileStudent;
			sourceTree = "<group>";
		};
		77A495D4195AD36F00D7EDD1 /* Supporting Files */ = {
			isa = PBXGroup;
			children = (
				77A49602195AD78A00D7EDD1 /* Копия New-iOS-7-Style-Tab-Bar-Icons.jpg */,
				77A495D5195AD36F00D7EDD1 /* MobileStudent-Info.plist */,
				77A495D6195AD36F00D7EDD1 /* InfoPlist.strings */,
				77A495D9195AD36F00D7EDD1 /* main.m */,
				77A495DB195AD36F00D7EDD1 /* MobileStudent-Prefix.pch */,
				77A49613195AEEC600D7EDD1 /* XML.xml */,
			);
			name = "Supporting Files";
			sourceTree = "<group>";
		};
		77A495F2195AD36F00D7EDD1 /* MobileStudentTests */ = {
			isa = PBXGroup;
			children = (
				77A495F8195AD36F00D7EDD1 /* MobileStudentTests.m */,
				77A495F3195AD36F00D7EDD1 /* Supporting Files */,
			);
			path = MobileStudentTests;
			sourceTree = "<group>";
		};
		77A495F3195AD36F00D7EDD1 /* Supporting Files */ = {
			isa = PBXGroup;
			children = (
				77A495F4195AD36F00D7EDD1 /* MobileStudentTests-Info.plist */,
				77A495F5195AD36F00D7EDD1 /* InfoPlist.strings */,
			);
			name = "Supporting Files";
			sourceTree = "<group>";
		};
		77B0EEA3197FCE9F00A5F0F8 /* Bord */ = {
			isa = PBXGroup;
			children = (
				779C7695197FAF1200F43977 /* AddLessonViewController.h */,
				779C7696197FAF1200F43977 /* AddLessonViewController.m */,
				77A4960A195ADEBB00D7EDD1 /* BordController.h */,
				77A4960B195ADEBB00D7EDD1 /* BordController.m */,
				77B0EEA7197FD0CF00A5F0F8 /* BordCell.h */,
				77B0EEA8197FD0CF00A5F0F8 /* BordCell.m */,
				77B0EEAA197FE45B00A5F0F8 /* Bord.h */,
				77B0EEAB197FE45B00A5F0F8 /* Bord.m */,
			);
			name = Bord;
			path = ..;
			sourceTree = "<group>";
		};
/* End PBXGroup section */

/* Begin PBXNativeTarget section */
		77A495C9195AD36F00D7EDD1 /* MobileStudent */ = {
			isa = PBXNativeTarget;
			buildConfigurationList = 77A495FC195AD36F00D7EDD1 /* Build configuration list for PBXNativeTarget "MobileStudent" */;
			buildPhases = (
				77A495C6195AD36F00D7EDD1 /* Sources */,
				77A495C7195AD36F00D7EDD1 /* Frameworks */,
				77A495C8195AD36F00D7EDD1 /* Resources */,
			);
			buildRules = (
			);
			dependencies = (
			);
			name = MobileStudent;
			productName = MobileStudent;
			productReference = 77A495CA195AD36F00D7EDD1 /* MobileStudent.app */;
			productType = "com.apple.product-type.application";
		};
		77A495EA195AD36F00D7EDD1 /* MobileStudentTests */ = {
			isa = PBXNativeTarget;
			buildConfigurationList = 77A495FF195AD36F00D7EDD1 /* Build configuration list for PBXNativeTarget "MobileStudentTests" */;
			buildPhases = (
				77A495E7195AD36F00D7EDD1 /* Sources */,
				77A495E8195AD36F00D7EDD1 /* Frameworks */,
				77A495E9195AD36F00D7EDD1 /* Resources */,
			);
			buildRules = (
			);
			dependencies = (
				77A495F1195AD36F00D7EDD1 /* PBXTargetDependency */,
			);
			name = MobileStudentTests;
			productName = MobileStudentTests;
			productReference = 77A495EB195AD36F00D7EDD1 /* MobileStudentTests.xctest */;
			productType = "com.apple.product-type.bundle.unit-test";
		};
/* End PBXNativeTarget section */

/* Begin PBXProject section */
		77A495C2195AD36F00D7EDD1 /* Project object */ = {
			isa = PBXProject;
			attributes = {
				LastUpgradeCheck = 0500;
				ORGANIZATIONNAME = Olga;
				TargetAttributes = {
					77A495EA195AD36F00D7EDD1 = {
						TestTargetID = 77A495C9195AD36F00D7EDD1;
					};
				};
			};
			buildConfigurationList = 77A495C5195AD36F00D7EDD1 /* Build configuration list for PBXProject "MobileStudent" */;
			compatibilityVersion = "Xcode 3.2";
			developmentRegion = English;
			hasScannedForEncodings = 0;
			knownRegions = (
				en,
				Base,
			);
			mainGroup = 77A495C1195AD36F00D7EDD1;
			productRefGroup = 77A495CB195AD36F00D7EDD1 /* Products */;
			projectDirPath = "";
			projectRoot = "";
			targets = (
				77A495C9195AD36F00D7EDD1 /* MobileStudent */,
				77A495EA195AD36F00D7EDD1 /* MobileStudentTests */,
			);
		};
/* End PBXProject section */

/* Begin PBXResourcesBuildPhase section */
		77A495C8195AD36F00D7EDD1 /* Resources */ = {
			isa = PBXResourcesBuildPhase;
			buildActionMask = 2147483647;
			files = (
				77A495E6195AD36F00D7EDD1 /* Images.xcassets in Resources */,
				77A495D8195AD36F00D7EDD1 /* InfoPlist.strings in Resources */,
				77A495E1195AD36F00D7EDD1 /* Main.storyboard in Resources */,
				77A49603195AD78A00D7EDD1 /* Копия New-iOS-7-Style-Tab-Bar-Icons.jpg in Resources */,
				77A49614195AEEC600D7EDD1 /* XML.xml in Resources */,
			);
			runOnlyForDeploymentPostprocessing = 0;
		};
		77A495E9195AD36F00D7EDD1 /* Resources */ = {
			isa = PBXResourcesBuildPhase;
			buildActionMask = 2147483647;
			files = (
				77A495F7195AD36F00D7EDD1 /* InfoPlist.strings in Resources */,
			);
			runOnlyForDeploymentPostprocessing = 0;
		};
/* End PBXResourcesBuildPhase section */

/* Begin PBXSourcesBuildPhase section */
		77A495C6195AD36F00D7EDD1 /* Sources */ = {
			isa = PBXSourcesBuildPhase;
			buildActionMask = 2147483647;
			files = (
				779C7697197FAF1200F43977 /* AddLessonViewController.m in Sources */,
				77A4960C195ADEBB00D7EDD1 /* BordController.m in Sources */,
				77B0EEAC197FE45B00A5F0F8 /* Bord.m in Sources */,
				77A495DE195AD36F00D7EDD1 /* AppDelegate.m in Sources */,
				77B0EEA9197FD0CF00A5F0F8 /* BordCell.m in Sources */,
				77A495DA195AD36F00D7EDD1 /* main.m in Sources */,
			);
			runOnlyForDeploymentPostprocessing = 0;
		};
		77A495E7195AD36F00D7EDD1 /* Sources */ = {
			isa = PBXSourcesBuildPhase;
			buildActionMask = 2147483647;
			files = (
				77A495F9195AD36F00D7EDD1 /* MobileStudentTests.m in Sources */,
			);
			runOnlyForDeploymentPostprocessing = 0;
		};
/* End PBXSourcesBuildPhase section */

/* Begin PBXTargetDependency section */
		77A495F1195AD36F00D7EDD1 /* PBXTargetDependency */ = {
			isa = PBXTargetDependency;
			target = 77A495C9195AD36F00D7EDD1 /* MobileStudent */;
			targetProxy = 77A495F0195AD36F00D7EDD1 /* PBXContainerItemProxy */;
		};
/* End PBXTargetDependency section */

/* Begin PBXVariantGroup section */
		77A495D6195AD36F00D7EDD1 /* InfoPlist.strings */ = {
			isa = PBXVariantGroup;
			children = (
				77A495D7195AD36F00D7EDD1 /* en */,
			);
			name = InfoPlist.strings;
			sourceTree = "<group>";
		};
		77A495DF195AD36F00D7EDD1 /* Main.storyboard */ = {
			isa = PBXVariantGroup;
			children = (
				77A495E0195AD36F00D7EDD1 /* Base */,
			);
			name = Main.storyboard;
			sourceTree = "<group>";
		};
		77A495F5195AD36F00D7EDD1 /* InfoPlist.strings */ = {
			isa = PBXVariantGroup;
			children = (
				77A495F6195AD36F00D7EDD1 /* en */,
			);
			name = InfoPlist.strings;
			sourceTree = "<group>";
		};
/* End PBXVariantGroup section */

/* Begin XCBuildConfiguration section */
		77A495FA195AD36F00D7EDD1 /* Debug */ = {
			isa = XCBuildConfiguration;
			buildSettings = {
				ALWAYS_SEARCH_USER_PATHS = NO;
				ARCHS = "$(ARCHS_STANDARD_INCLUDING_64_BIT)";
				CLANG_CXX_LANGUAGE_STANDARD = "gnu++0x";
				CLANG_CXX_LIBRARY = "libc++";
				CLANG_ENABLE_MODULES = YES;
				CLANG_ENABLE_OBJC_ARC = YES;
				CLANG_WARN_BOOL_CONVERSION = YES;
				CLANG_WARN_CONSTANT_CONVERSION = YES;
				CLANG_WARN_DIRECT_OBJC_ISA_USAGE = YES_ERROR;
				CLANG_WARN_EMPTY_BODY = YES;
				CLANG_WARN_ENUM_CONVERSION = YES;
				CLANG_WARN_INT_CONVERSION = YES;
				CLANG_WARN_OBJC_ROOT_CLASS = YES_ERROR;
				CLANG_WARN__DUPLICATE_METHOD_MATCH = YES;
				"CODE_SIGN_IDENTITY[sdk=iphoneos*]" = "iPhone Developer";
				COPY_PHASE_STRIP = NO;
				GCC_C_LANGUAGE_STANDARD = gnu99;
				GCC_DYNAMIC_NO_PIC = NO;
				GCC_OPTIMIZATION_LEVEL = 0;
				GCC_PREPROCESSOR_DEFINITIONS = (
					"DEBUG=1",
					"$(inherited)",
				);
				GCC_SYMBOLS_PRIVATE_EXTERN = NO;
				GCC_WARN_64_TO_32_BIT_CONVERSION = YES;
				GCC_WARN_ABOUT_RETURN_TYPE = YES_ERROR;
				GCC_WARN_UNDECLARED_SELECTOR = YES;
				GCC_WARN_UNINITIALIZED_AUTOS = YES;
				GCC_WARN_UNUSED_FUNCTION = YES;
				GCC_WARN_UNUSED_VARIABLE = YES;
				IPHONEOS_DEPLOYMENT_TARGET = 7.0;
				ONLY_ACTIVE_ARCH = YES;
				SDKROOT = iphoneos;
			};
			name = Debug;
		};
		77A495FB195AD36F00D7EDD1 /* Release */ = {
			isa = XCBuildConfiguration;
			buildSettings = {
				ALWAYS_SEARCH_USER_PATHS = NO;
				ARCHS = "$(ARCHS_STANDARD_INCLUDING_64_BIT)";
				CLANG_CXX_LANGUAGE_STANDARD = "gnu++0x";
				CLANG_CXX_LIBRARY = "libc++";
				CLANG_ENABLE_MODULES = YES;
				CLANG_ENABLE_OBJC_ARC = YES;
				CLANG_WARN_BOOL_CONVERSION = YES;
				CLANG_WARN_CONSTANT_CONVERSION = YES;
				CLANG_WARN_DIRECT_OBJC_ISA_USAGE = YES_ERROR;
				CLANG_WARN_EMPTY_BODY = YES;
				CLANG_WARN_ENUM_CONVERSION = YES;
				CLANG_WARN_INT_CONVERSION = YES;
				CLANG_WARN_OBJC_ROOT_CLASS = YES_ERROR;
				CLANG_WARN__DUPLICATE_METHOD_MATCH = YES;
				"CODE_SIGN_IDENTITY[sdk=iphoneos*]" = "iPhone Developer";
				COPY_PHASE_STRIP = YES;
				ENABLE_NS_ASSERTIONS = NO;
				GCC_C_LANGUAGE_STANDARD = gnu99;
				GCC_WARN_64_TO_32_BIT_CONVERSION = YES;
				GCC_WARN_ABOUT_RETURN_TYPE = YES_ERROR;
				GCC_WARN_UNDECLARED_SELECTOR = YES;
				GCC_WARN_UNINITIALIZED_AUTOS = YES;
				GCC_WARN_UNUSED_FUNCTION = YES;
				GCC_WARN_UNUSED_VARIABLE = YES;
				IPHONEOS_DEPLOYMENT_TARGET = 7.0;
				SDKROOT = iphoneos;
				VALIDATE_PRODUCT = YES;
			};
			name = Release;
		};
		77A495FD195AD36F00D7EDD1 /* Debug */ = {
			isa = XCBuildConfiguration;
			buildSettings = {
				ASSETCATALOG_COMPILER_APPICON_NAME = AppIcon;
				ASSETCATALOG_COMPILER_LAUNCHIMAGE_NAME = LaunchImage;
				GCC_PRECOMPILE_PREFIX_HEADER = YES;
				GCC_PREFIX_HEADER = "MobileStudent/MobileStudent-Prefix.pch";
				INFOPLIST_FILE = "MobileStudent/MobileStudent-Info.plist";
				PRODUCT_NAME = "$(TARGET_NAME)";
				WRAPPER_EXTENSION = app;
			};
			name = Debug;
		};
		77A495FE195AD36F00D7EDD1 /* Release */ = {
			isa = XCBuildConfiguration;
			buildSettings = {
				ASSETCATALOG_COMPILER_APPICON_NAME = AppIcon;
				ASSETCATALOG_COMPILER_LAUNCHIMAGE_NAME = LaunchImage;
				GCC_PRECOMPILE_PREFIX_HEADER = YES;
				GCC_PREFIX_HEADER = "MobileStudent/MobileStudent-Prefix.pch";
				INFOPLIST_FILE = "MobileStudent/MobileStudent-Info.plist";
				PRODUCT_NAME = "$(TARGET_NAME)";
				WRAPPER_EXTENSION = app;
			};
			name = Release;
		};
		77A49600195AD36F00D7EDD1 /* Debug */ = {
			isa = XCBuildConfiguration;
			buildSettings = {
				ARCHS = "$(ARCHS_STANDARD_INCLUDING_64_BIT)";
				BUNDLE_LOADER = "$(BUILT_PRODUCTS_DIR)/MobileStudent.app/MobileStudent";
				FRAMEWORK_SEARCH_PATHS = (
					"$(SDKROOT)/Developer/Library/Frameworks",
					"$(inherited)",
					"$(DEVELOPER_FRAMEWORKS_DIR)",
				);
				GCC_PRECOMPILE_PREFIX_HEADER = YES;
				GCC_PREFIX_HEADER = "MobileStudent/MobileStudent-Prefix.pch";
				GCC_PREPROCESSOR_DEFINITIONS = (
					"DEBUG=1",
					"$(inherited)",
				);
				INFOPLIST_FILE = "MobileStudentTests/MobileStudentTests-Info.plist";
				PRODUCT_NAME = "$(TARGET_NAME)";
				TEST_HOST = "$(BUNDLE_LOADER)";
				WRAPPER_EXTENSION = xctest;
			};
			name = Debug;
		};
		77A49601195AD36F00D7EDD1 /* Release */ = {
			isa = XCBuildConfiguration;
			buildSettings = {
				ARCHS = "$(ARCHS_STANDARD_INCLUDING_64_BIT)";
				BUNDLE_LOADER = "$(BUILT_PRODUCTS_DIR)/MobileStudent.app/MobileStudent";
				FRAMEWORK_SEARCH_PATHS = (
					"$(SDKROOT)/Developer/Library/Frameworks",
					"$(inherited)",
					"$(DEVELOPER_FRAMEWORKS_DIR)",
				);
				GCC_PRECOMPILE_PREFIX_HEADER = YES;
				GCC_PREFIX_HEADER = "MobileStudent/MobileStudent-Prefix.pch";
				INFOPLIST_FILE = "MobileStudentTests/MobileStudentTests-Info.plist";
				PRODUCT_NAME = "$(TARGET_NAME)";
				TEST_HOST = "$(BUNDLE_LOADER)";
				WRAPPER_EXTENSION = xctest;
			};
			name = Release;
		};
/* End XCBuildConfiguration section */

/* Begin XCConfigurationList section */
		77A495C5195AD36F00D7EDD1 /* Build configuration list for PBXProject "MobileStudent" */ = {
			isa = XCConfigurationList;
			buildConfigurations = (
				77A495FA195AD36F00D7EDD1 /* Debug */,
				77A495FB195AD36F00D7EDD1 /* Release */,
			);
			defaultConfigurationIsVisible = 0;
			defaultConfigurationName = Release;
		};
		77A495FC195AD36F00D7EDD1 /* Build configuration list for PBXNativeTarget "MobileStudent" */ = {
			isa = XCConfigurationList;
			buildConfigurations = (
				77A495FD195AD36F00D7EDD1 /* Debug */,
				77A495FE195AD36F00D7EDD1 /* Release */,
			);
			defaultConfigurationIsVisible = 0;
			defaultConfigurationName = Release;
		};
		77A495FF195AD36F00D7EDD1 /* Build configuration list for PBXNativeTarget "MobileStudentTests" */ = {
			isa = XCConfigurationList;
			buildConfigurations = (
				77A49600195AD36F00D7EDD1 /* Debug */,
				77A49601195AD36F00D7EDD1 /* Release */,
			);
			defaultConfigurationIsVisible = 0;
			defaultConfigurationName = Release;
		};
/* End XCConfigurationList section */
	};
	rootObject = 77A495C2195AD36F00D7EDD1 /* Project object */;
}
